PODS:
  - Flutter (1.0.0)
  - Giphy (2.2.12):
    - libwebp
  - jitsi_meet_flutter_sdk (11.6.0):
    - Flutter
    - JitsiMeetSDK (= 11.6.0)
  - JitsiMeetSDK (11.6.0):
    - Giphy (= 2.2.12)
    - JitsiWebRTC (~> 124.0)
  - JitsiWebRTC (124.0.2)
  - libwebp (1.5.0):
    - libwebp/demux (= 1.5.0)
    - libwebp/mux (= 1.5.0)
    - libwebp/sharpyuv (= 1.5.0)
    - libwebp/webp (= 1.5.0)
  - libwebp/demux (1.5.0):
    - libwebp/webp
  - libwebp/mux (1.5.0):
    - libwebp/demux
  - libwebp/sharpyuv (1.5.0)
  - libwebp/webp (1.5.0):
    - libwebp/sharpyuv

DEPENDENCIES:
  - Flutter (from `Flutter`)
  - jitsi_meet_flutter_sdk (from `.symlinks/plugins/jitsi_meet_flutter_sdk/ios`)

SPEC REPOS:
  trunk:
    - Giphy
    - JitsiMeetSDK
    - JitsiWebRTC
    - libwebp

EXTERNAL SOURCES:
  Flutter:
    :path: Flutter
  jitsi_meet_flutter_sdk:
    :path: ".symlinks/plugins/jitsi_meet_flutter_sdk/ios"

SPEC CHECKSUMS:
  Flutter: e0871f40cf51350855a761d2e70bf5af5b9b5de7
  Giphy: 83628960ed04e1c3428ff1b4fb2b027f65e82f50
  jitsi_meet_flutter_sdk: 95ffad4e2b108c3d5e3f1e0052c9c2d11529820d
  JitsiMeetSDK: 59a1ae2726b04581126c05856c6dfac053ab3be1
  JitsiWebRTC: b47805ab5668be38e7ee60e2258f49badfe8e1d0
  libwebp: 02b23773aedb6ff1fd38cec7a77b81414c6842a8

PODFILE CHECKSUM: ef408bf62401d49418af75b9276d53e23e5fadf7

COCOAPODS: 1.16.2
